
Microsoft Visual Studio Solution File, Format Version 12.00
# Visual Studio Version 17
VisualStudioVersion = 17.2.32519.379
MinimumVisualStudioVersion = 10.0.40219.1
Project("{9A19103F-16F7-4668-BE54-9A1E7A4F7556}") = "WebCITE", "WebCITE\WebCITE.csproj", "{1DE2B1E1-20FA-4A62-8E8C-DB512B9C294A}"
EndProject
Global
	GlobalSection(SolutionConfigurationPlatforms) = preSolution
		Debug|Any CPU = Debug|Any CPU
		Release|Any CPU = Release|Any CPU
	EndGlobalSection
	GlobalSection(ProjectConfigurationPlatforms) = postSolution
		{1DE2B1E1-20FA-4A62-8E8C-DB512B9C294A}.Debug|Any CPU.ActiveCfg = Debug|Any CPU
		{1DE2B1E1-20FA-4A62-8E8C-DB512B9C294A}.Debug|Any CPU.Build.0 = Debug|Any CPU
		{1DE2B1E1-20FA-4A62-8E8C-DB512B9C294A}.Release|Any CPU.ActiveCfg = Release|Any CPU
		{1DE2B1E1-20FA-4A62-8E8C-DB512B9C294A}.Release|Any CPU.Build.0 = Release|Any CPU
	EndGlobalSection
	GlobalSection(SolutionProperties) = preSolution
		HideSolutionNode = FALSE
	EndGlobalSection
	GlobalSection(ExtensibilityGlobals) = postSolution
		SolutionGuid = {AA8F6727-E479-4502-87AA-D83E5C38A010}
	EndGlobalSection
EndGlobal
